
Microsoft Visual Studio Solution File, Format Version 12.00
# Visual Studio 15
VisualStudioVersion = 15.0.28307.489
MinimumVisualStudioVersion = 10.0.40219.1
Project("{FAE04EC0-301F-11D3-BF4B-00C04F79EFBC}") = "WpfAppGridCellClick", "WpfAppGridCellClick.csproj", "{DBA47A99-BD33-482F-A4E1-54DC3F6F9279}"
EndProject
Global
	GlobalSection(SolutionConfigurationPlatforms) = preSolution
		Debug|Any CPU = Debug|Any CPU
		Release|Any CPU = Release|Any CPU
	EndGlobalSection
	GlobalSection(ProjectConfigurationPlatforms) = postSolution
		{DBA47A99-BD33-482F-A4E1-54DC3F6F9279}.Debug|Any CPU.ActiveCfg = Debug|Any CPU
		{DBA47A99-BD33-482F-A4E1-54DC3F6F9279}.Debug|Any CPU.Build.0 = Debug|Any CPU
		{DBA47A99-BD33-482F-A4E1-54DC3F6F9279}.Release|Any CPU.ActiveCfg = Release|Any CPU
		{DBA47A99-BD33-482F-A4E1-54DC3F6F9279}.Release|Any CPU.Build.0 = Release|Any CPU
	EndGlobalSection
	GlobalSection(SolutionProperties) = preSolution
		HideSolutionNode = FALSE
	EndGlobalSection
	GlobalSection(ExtensibilityGlobals) = postSolution
		SolutionGuid = {7CD5496D-F131-4E78-89B9-F6CEDFE8B5A0}
	EndGlobalSection
EndGlobal
