
Microsoft Visual Studio Solution File, Format Version 12.00
# Visual Studio 15
VisualStudioVersion = 15.0.28307.489
MinimumVisualStudioVersion = 10.0.40219.1
Project("{FAE04EC0-301F-11D3-BF4B-00C04F79EFBC}") = "BookWebApiDemo", "BookWebApiDemo\BookWebApiDemo.csproj", "{E994E0A0-58B3-421D-8C1D-45EEF455AB48}"
EndProject
Project("{FAE04EC0-301F-11D3-BF4B-00C04F79EFBC}") = "BookWebApiClientDemo", "BookWebApiClientDemo\BookWebApiClientDemo.csproj", "{5AE30B19-C9EF-4912-9FB7-D76F1D25ABCF}"
EndProject
Global
	GlobalSection(SolutionConfigurationPlatforms) = preSolution
		Debug|Any CPU = Debug|Any CPU
		Release|Any CPU = Release|Any CPU
	EndGlobalSection
	GlobalSection(ProjectConfigurationPlatforms) = postSolution
		{E994E0A0-58B3-421D-8C1D-45EEF455AB48}.Debug|Any CPU.ActiveCfg = Debug|Any CPU
		{E994E0A0-58B3-421D-8C1D-45EEF455AB48}.Debug|Any CPU.Build.0 = Debug|Any CPU
		{E994E0A0-58B3-421D-8C1D-45EEF455AB48}.Release|Any CPU.ActiveCfg = Release|Any CPU
		{E994E0A0-58B3-421D-8C1D-45EEF455AB48}.Release|Any CPU.Build.0 = Release|Any CPU
		{5AE30B19-C9EF-4912-9FB7-D76F1D25ABCF}.Debug|Any CPU.ActiveCfg = Debug|Any CPU
		{5AE30B19-C9EF-4912-9FB7-D76F1D25ABCF}.Debug|Any CPU.Build.0 = Debug|Any CPU
		{5AE30B19-C9EF-4912-9FB7-D76F1D25ABCF}.Release|Any CPU.ActiveCfg = Release|Any CPU
		{5AE30B19-C9EF-4912-9FB7-D76F1D25ABCF}.Release|Any CPU.Build.0 = Release|Any CPU
	EndGlobalSection
	GlobalSection(SolutionProperties) = preSolution
		HideSolutionNode = FALSE
	EndGlobalSection
	GlobalSection(ExtensibilityGlobals) = postSolution
		SolutionGuid = {4CEFE000-C417-4163-8ACE-ED4DF53EEEBD}
	EndGlobalSection
EndGlobal
