
Microsoft Visual Studio Solution File, Format Version 12.00
# Visual Studio 15
VisualStudioVersion = 15.0.28307.489
MinimumVisualStudioVersion = 10.0.40219.1
Project("{FAE04EC0-301F-11D3-BF4B-00C04F79EFBC}") = "CacheDemo", "CacheDemo\CacheDemo.csproj", "{CA96F046-EAA6-467C-890F-F1B723DEBCFD}"
EndProject
Global
	GlobalSection(SolutionConfigurationPlatforms) = preSolution
		Debug|Any CPU = Debug|Any CPU
		Release|Any CPU = Release|Any CPU
	EndGlobalSection
	GlobalSection(ProjectConfigurationPlatforms) = postSolution
		{CA96F046-EAA6-467C-890F-F1B723DEBCFD}.Debug|Any CPU.ActiveCfg = Debug|Any CPU
		{CA96F046-EAA6-467C-890F-F1B723DEBCFD}.Debug|Any CPU.Build.0 = Debug|Any CPU
		{CA96F046-EAA6-467C-890F-F1B723DEBCFD}.Release|Any CPU.ActiveCfg = Release|Any CPU
		{CA96F046-EAA6-467C-890F-F1B723DEBCFD}.Release|Any CPU.Build.0 = Release|Any CPU
	EndGlobalSection
	GlobalSection(SolutionProperties) = preSolution
		HideSolutionNode = FALSE
	EndGlobalSection
	GlobalSection(ExtensibilityGlobals) = postSolution
		SolutionGuid = {FB7B2A19-C17C-4B7E-8C35-7BBF72D364F5}
	EndGlobalSection
EndGlobal
