
Microsoft Visual Studio Solution File, Format Version 12.00
# Visual Studio 15
VisualStudioVersion = 15.0.28307.489
MinimumVisualStudioVersion = 10.0.40219.1
Project("{FAE04EC0-301F-11D3-BF4B-00C04F79EFBC}") = "Demo1", "Demo1\Demo1.csproj", "{5949E468-CA76-4688-8B1A-6AC4A17DA563}"
EndProject
Project("{FAE04EC0-301F-11D3-BF4B-00C04F79EFBC}") = "ApiClientDemo", "ApiClientDemo\ApiClientDemo.csproj", "{4DD06C90-0986-4278-9F2D-12804BC872DF}"
EndProject
Global
	GlobalSection(SolutionConfigurationPlatforms) = preSolution
		Debug|Any CPU = Debug|Any CPU
		Release|Any CPU = Release|Any CPU
	EndGlobalSection
	GlobalSection(ProjectConfigurationPlatforms) = postSolution
		{5949E468-CA76-4688-8B1A-6AC4A17DA563}.Debug|Any CPU.ActiveCfg = Debug|Any CPU
		{5949E468-CA76-4688-8B1A-6AC4A17DA563}.Debug|Any CPU.Build.0 = Debug|Any CPU
		{5949E468-CA76-4688-8B1A-6AC4A17DA563}.Release|Any CPU.ActiveCfg = Release|Any CPU
		{5949E468-CA76-4688-8B1A-6AC4A17DA563}.Release|Any CPU.Build.0 = Release|Any CPU
		{4DD06C90-0986-4278-9F2D-12804BC872DF}.Debug|Any CPU.ActiveCfg = Debug|Any CPU
		{4DD06C90-0986-4278-9F2D-12804BC872DF}.Debug|Any CPU.Build.0 = Debug|Any CPU
		{4DD06C90-0986-4278-9F2D-12804BC872DF}.Release|Any CPU.ActiveCfg = Release|Any CPU
		{4DD06C90-0986-4278-9F2D-12804BC872DF}.Release|Any CPU.Build.0 = Release|Any CPU
	EndGlobalSection
	GlobalSection(SolutionProperties) = preSolution
		HideSolutionNode = FALSE
	EndGlobalSection
	GlobalSection(ExtensibilityGlobals) = postSolution
		SolutionGuid = {84E84385-03CE-4E94-8E34-3B06B9991921}
	EndGlobalSection
EndGlobal
